<?xml version="1.0" encoding="utf-8"?>
<Project ToolsVersion="4.0" xmlns="http://schemas.microsoft.com/developer/msbuild/2003">
  <ItemGroup>
    <Filter Include="Source Files">
      <UniqueIdentifier>{4FC737F1-C7A5-4376-A066-2A32D752A2FF}</UniqueIdentifier>
      <Extensions>cpp;c;cc;cxx;def;odl;idl;hpj;bat;asm;asmx</Extensions>
    </Filter>
    <Filter Include="Header Files">
      <UniqueIdentifier>{93995380-89BD-4b04-88EB-625FBE52EBFB}</UniqueIdentifier>
      <Extensions>h;hh;hpp;hxx;hm;inl;inc;ipp;xsd</Extensions>
    </Filter>
    <Filter Include="Resource Files">
      <UniqueIdentifier>{67DA6AB6-F800-4c08-8B7A-83BB121AAD01}</UniqueIdentifier>
      <Extensions>rc;ico;cur;bmp;dlg;rc2;rct;bin;rgs;gif;jpg;jpeg;jpe;resx;tiff;tif;png;wav;mfcribbon-ms</Extensions>
    </Filter>
  </ItemGroup>
  <ItemGroup>
    <ClCompile Include="dllmain.cpp">
      <Filter>Source Files</Filter>
    </ClCompile>
    <ClCompile Include="src\Domain\DSP\DynamicsCompressor.cpp">
      <Filter>Source Files</Filter>
    </ClCompile>
    <ClCompile Include="src\Domain\DSP\PinkNoiseGenerator.cpp">
      <Filter>Source Files</Filter>
    </ClCompile>
    <ClCompile Include="src\Domain\Rain\RainDropVoice.cpp">
      <Filter>Source Files</Filter>
    </ClCompile>
    <ClCompile Include="src\Domain\Thunder\Afterimage.cpp">
      <Filter>Source Files</Filter>
    </ClCompile>
    <ClCompile Include="src\Domain\Thunder\Deepener.cpp">
      <Filter>Source Files</Filter>
    </ClCompile>
    <ClCompile Include="src\Domain\Thunder\LightningStrike.cpp">
      <Filter>Source Files</Filter>
    </ClCompile>
    <ClCompile Include="src\Domain\Thunder\Rumbler.cpp">
      <Filter>Source Files</Filter>
    </ClCompile>
    <ClCompile Include="src\Framework\DSPCallbacks.cpp">
      <Filter>Source Files</Filter>
    </ClCompile>
    <ClCompile Include="src\Framework\DSPDesc.cpp">
      <Filter>Source Files</Filter>
    </ClCompile>
    <ClCompile Include="src\InterfaceAdapter\ParameterDesc.cpp">
      <Filter>Source Files</Filter>
    </ClCompile>
    <ClCompile Include="src\UseCase\ThunderStormEngine.cpp">
      <Filter>Source Files</Filter>
    </ClCompile>
  </ItemGroup>
  <ItemGroup>
    <ClInclude Include="src\Domain\DSP\DynamicsCompressor.h">
      <Filter>Header Files</Filter>
    </ClInclude>
    <ClInclude Include="src\Domain\DSP\HighPassFilter.h">
      <Filter>Header Files</Filter>
    </ClInclude>
    <ClInclude Include="src\Domain\DSP\LowPassFilter.h">
      <Filter>Header Files</Filter>
    </ClInclude>
    <ClInclude Include="src\Domain\DSP\PinkNoiseGenerator.h">
      <Filter>Header Files</Filter>
    </ClInclude>
    <ClInclude Include="src\Domain\DSP\StateVariableFilter.h">
      <Filter>Header Files</Filter>
    </ClInclude>
    <ClInclude Include="src\Domain\Rain\RainDropVoice.h">
      <Filter>Header Files</Filter>
    </ClInclude>
    <ClInclude Include="src\Domain\Thunder\Afterimage.h">
      <Filter>Header Files</Filter>
    </ClInclude>
    <ClInclude Include="src\Domain\Thunder\Deepener.h">
      <Filter>Header Files</Filter>
    </ClInclude>
    <ClInclude Include="src\Domain\Thunder\LightningStrike.h">
      <Filter>Header Files</Filter>
    </ClInclude>
    <ClInclude Include="src\Domain\Thunder\Rumbler.h">
      <Filter>Header Files</Filter>
    </ClInclude>
    <ClInclude Include="src\Framework\DSPCallbacks.h">
      <Filter>Header Files</Filter>
    </ClInclude>
    <ClInclude Include="src\Framework\DSPDesc.h">
      <Filter>Header Files</Filter>
    </ClInclude>
    <ClInclude Include="src\Framework\FMODAllocator.h">
      <Filter>Header Files</Filter>
    </ClInclude>
    <ClInclude Include="src\InterfaceAdapter\ParameterDesc.h">
      <Filter>Header Files</Filter>
    </ClInclude>
    <ClInclude Include="src\UseCase\ThunderStormEngine.h">
      <Filter>Header Files</Filter>
    </ClInclude>
    <ClInclude Include="src\UseCase\ThunderStormParameters.h">
      <Filter>Header Files</Filter>
    </ClInclude>
  </ItemGroup>
</Project>